
Microsoft Visual Studio Solution File, Format Version 12.00
# Visual Studio 15
VisualStudioVersion = 15.0.26430.16
MinimumVisualStudioVersion = 10.0.40219.1
Project("{9A19103F-16F7-4668-BE54-9A1E7A4F7556}") = "Tongfang.IdentityManagement", "src\Tongfang.IdentityManagement\Tongfang.IdentityManagement.csproj", "{E73B485D-4772-4682-A3B9-367C9DBBF5D7}"
EndProject
Project("{FAE04EC0-301F-11D3-BF4B-00C04F79EFBC}") = "Tongfang.WcfClient", "src\Tongfang.WcfClient\Tongfang.WcfClient.csproj", "{16454D30-C475-4DC2-84E3-A5226BC11D1E}"
EndProject
Global
	GlobalSection(SolutionConfigurationPlatforms) = preSolution
		Debug|Any CPU = Debug|Any CPU
		Release|Any CPU = Release|Any CPU
	EndGlobalSection
	GlobalSection(ProjectConfigurationPlatforms) = postSolution
		{E73B485D-4772-4682-A3B9-367C9DBBF5D7}.Debug|Any CPU.ActiveCfg = Debug|Any CPU
		{E73B485D-4772-4682-A3B9-367C9DBBF5D7}.Debug|Any CPU.Build.0 = Debug|Any CPU
		{E73B485D-4772-4682-A3B9-367C9DBBF5D7}.Release|Any CPU.ActiveCfg = Release|Any CPU
		{E73B485D-4772-4682-A3B9-367C9DBBF5D7}.Release|Any CPU.Build.0 = Release|Any CPU
		{16454D30-C475-4DC2-84E3-A5226BC11D1E}.Debug|Any CPU.ActiveCfg = Debug|Any CPU
		{16454D30-C475-4DC2-84E3-A5226BC11D1E}.Debug|Any CPU.Build.0 = Debug|Any CPU
		{16454D30-C475-4DC2-84E3-A5226BC11D1E}.Release|Any CPU.ActiveCfg = Release|Any CPU
		{16454D30-C475-4DC2-84E3-A5226BC11D1E}.Release|Any CPU.Build.0 = Release|Any CPU
	EndGlobalSection
	GlobalSection(SolutionProperties) = preSolution
		HideSolutionNode = FALSE
	EndGlobalSection
EndGlobal
